# This file is automatically @generated by Cargo.
# It is not intended for manual editing.
version = 4

[[package]]
name = "gridded-ffi"
version = "0.1.0"
dependencies = [
 "gridded-html",
 "gridded-meta",
]

[[package]]
name = "gridded-html"
version = "0.1.0"

[[package]]
name = "gridded-meta"
version = "0.1.0"
